// !$*UTF8*$!
{
	archiveVersion = 1;
	classes = {};
	objectVersion = 77;
	objects = {

/* Begin PBXBuildFile section */
		010000000000000000000001 /* BobrshotApp.swift in Sources */ = {isa = PBXBuildFile; fileRef = 020000000000000000000001 /* BobrshotApp.swift */; };
		010000000000000000000002 /* ContentView.swift in Sources */ = {isa = PBXBuildFile; fileRef = 020000000000000000000002 /* ContentView.swift */; };
		010000000000000000000003 /* BobrshotCore.swift in Sources */ = {isa = PBXBuildFile; fileRef = 020000000000000000000003 /* BobrshotCore.swift */; };
		010000000000000000000004 /* BobrshotKit.xcframework in Frameworks */ = {isa = PBXBuildFile; fileRef = 020000000000000000000004 /* BobrshotKit.xcframework */; };
		010000000000000000000005 /* NativeImageProbe.swift in Sources */ = {isa = PBXBuildFile; fileRef = 020000000000000000000006 /* NativeImageProbe.swift */; };
		010000000000000000000006 /* NativeImageProbeTests.swift in Sources */ = {isa = PBXBuildFile; fileRef = 020000000000000000000007 /* NativeImageProbeTests.swift */; };
		010000000000000000000007 /* NativeImageProbe.swift in Sources */ = {isa = PBXBuildFile; fileRef = 020000000000000000000006 /* NativeImageProbe.swift */; };
		010000000000000000000008 /* BobrshotCore.swift in Sources */ = {isa = PBXBuildFile; fileRef = 020000000000000000000003 /* BobrshotCore.swift */; };
		010000000000000000000009 /* BobrshotKit.xcframework in Frameworks */ = {isa = PBXBuildFile; fileRef = 020000000000000000000004 /* BobrshotKit.xcframework */; };
		01000000000000000000000A /* CaptureModels.swift in Sources */ = {isa = PBXBuildFile; fileRef = 020000000000000000000009 /* CaptureModels.swift */; };
		01000000000000000000000B /* CaptureConfigurationPlanner.swift in Sources */ = {isa = PBXBuildFile; fileRef = 02000000000000000000000A /* CaptureConfigurationPlanner.swift */; };
		01000000000000000000000C /* ScreenCapturePermissionService.swift in Sources */ = {isa = PBXBuildFile; fileRef = 02000000000000000000000B /* ScreenCapturePermissionService.swift */; };
		01000000000000000000000D /* ScreenCaptureService.swift in Sources */ = {isa = PBXBuildFile; fileRef = 02000000000000000000000C /* ScreenCaptureService.swift */; };
		01000000000000000000000E /* CaptureConfigurationPlannerTests.swift in Sources */ = {isa = PBXBuildFile; fileRef = 02000000000000000000000D /* CaptureConfigurationPlannerTests.swift */; };
		01000000000000000000000F /* CaptureModels.swift in Sources */ = {isa = PBXBuildFile; fileRef = 020000000000000000000009 /* CaptureModels.swift */; };
		010000000000000000000010 /* CaptureConfigurationPlanner.swift in Sources */ = {isa = PBXBuildFile; fileRef = 02000000000000000000000A /* CaptureConfigurationPlanner.swift */; };
		010000000000000000000011 /* RecordingModels.swift in Sources */ = {isa = PBXBuildFile; fileRef = 02000000000000000000000E /* RecordingModels.swift */; };
		010000000000000000000012 /* RecordingConfigurationPlanner.swift in Sources */ = {isa = PBXBuildFile; fileRef = 02000000000000000000000F /* RecordingConfigurationPlanner.swift */; };
		010000000000000000000013 /* ScreenRecordingService.swift in Sources */ = {isa = PBXBuildFile; fileRef = 020000000000000000000010 /* ScreenRecordingService.swift */; };
		010000000000000000000014 /* ScreenshotExportService.swift in Sources */ = {isa = PBXBuildFile; fileRef = 020000000000000000000011 /* ScreenshotExportService.swift */; };
		010000000000000000000015 /* ScreenshotClipboard.swift in Sources */ = {isa = PBXBuildFile; fileRef = 020000000000000000000012 /* ScreenshotClipboard.swift */; };
		010000000000000000000016 /* CaptureHistoryStore.swift in Sources */ = {isa = PBXBuildFile; fileRef = 020000000000000000000013 /* CaptureHistoryStore.swift */; };
		010000000000000000000017 /* RecordingConfigurationPlannerTests.swift in Sources */ = {isa = PBXBuildFile; fileRef = 020000000000000000000014 /* RecordingConfigurationPlannerTests.swift */; };
		010000000000000000000018 /* ScreenshotExportServiceTests.swift in Sources */ = {isa = PBXBuildFile; fileRef = 020000000000000000000015 /* ScreenshotExportServiceTests.swift */; };
		010000000000000000000019 /* CaptureHistoryStoreTests.swift in Sources */ = {isa = PBXBuildFile; fileRef = 020000000000000000000016 /* CaptureHistoryStoreTests.swift */; };
		01000000000000000000001A /* RecordingModels.swift in Sources */ = {isa = PBXBuildFile; fileRef = 02000000000000000000000E /* RecordingModels.swift */; };
		01000000000000000000001B /* RecordingConfigurationPlanner.swift in Sources */ = {isa = PBXBuildFile; fileRef = 02000000000000000000000F /* RecordingConfigurationPlanner.swift */; };
		01000000000000000000001C /* ScreenshotExportService.swift in Sources */ = {isa = PBXBuildFile; fileRef = 020000000000000000000011 /* ScreenshotExportService.swift */; };
		01000000000000000000001D /* CaptureHistoryStore.swift in Sources */ = {isa = PBXBuildFile; fileRef = 020000000000000000000013 /* CaptureHistoryStore.swift */; };
		01000000000000000000001E /* AnnotationModels.swift in Sources */ = {isa = PBXBuildFile; fileRef = 020000000000000000000017 /* AnnotationModels.swift */; };
		01000000000000000000001F /* AnnotationRenderer.swift in Sources */ = {isa = PBXBuildFile; fileRef = 020000000000000000000018 /* AnnotationRenderer.swift */; };
		010000000000000000000020 /* SelectionGeometry.swift in Sources */ = {isa = PBXBuildFile; fileRef = 020000000000000000000019 /* SelectionGeometry.swift */; };
		010000000000000000000021 /* CaptureSelectionStateMachine.swift in Sources */ = {isa = PBXBuildFile; fileRef = 02000000000000000000001A /* CaptureSelectionStateMachine.swift */; };
		010000000000000000000022 /* AnnotationEditorStateTests.swift in Sources */ = {isa = PBXBuildFile; fileRef = 02000000000000000000001B /* AnnotationEditorStateTests.swift */; };
		010000000000000000000023 /* CaptureSelectionStateMachineTests.swift in Sources */ = {isa = PBXBuildFile; fileRef = 02000000000000000000001C /* CaptureSelectionStateMachineTests.swift */; };
		010000000000000000000024 /* AnnotationModels.swift in Sources */ = {isa = PBXBuildFile; fileRef = 020000000000000000000017 /* AnnotationModels.swift */; };
		010000000000000000000025 /* AnnotationRenderer.swift in Sources */ = {isa = PBXBuildFile; fileRef = 020000000000000000000018 /* AnnotationRenderer.swift */; };
		010000000000000000000026 /* SelectionGeometry.swift in Sources */ = {isa = PBXBuildFile; fileRef = 020000000000000000000019 /* SelectionGeometry.swift */; };
		010000000000000000000027 /* CaptureSelectionStateMachine.swift in Sources */ = {isa = PBXBuildFile; fileRef = 02000000000000000000001A /* CaptureSelectionStateMachine.swift */; };
		010000000000000000000028 /* ScreenshotDraft.swift in Sources */ = {isa = PBXBuildFile; fileRef = 02000000000000000000001D /* ScreenshotDraft.swift */; };
		010000000000000000000029 /* ScreenshotWorkflowService.swift in Sources */ = {isa = PBXBuildFile; fileRef = 02000000000000000000001E /* ScreenshotWorkflowService.swift */; };
		01000000000000000000002A /* ScreenshotDraftTests.swift in Sources */ = {isa = PBXBuildFile; fileRef = 02000000000000000000001F /* ScreenshotDraftTests.swift */; };
		01000000000000000000002B /* ScreenshotDraft.swift in Sources */ = {isa = PBXBuildFile; fileRef = 02000000000000000000001D /* ScreenshotDraft.swift */; };
/* End PBXBuildFile section */

/* Begin PBXFileReference section */
		020000000000000000000001 /* BobrshotApp.swift */ = {isa = PBXFileReference; lastKnownFileType = sourcecode.swift; path = BobrshotApp.swift; sourceTree = "<group>"; };
		020000000000000000000002 /* ContentView.swift */ = {isa = PBXFileReference; lastKnownFileType = sourcecode.swift; path = ContentView.swift; sourceTree = "<group>"; };
		020000000000000000000003 /* BobrshotCore.swift */ = {isa = PBXFileReference; lastKnownFileType = sourcecode.swift; path = BobrshotCore.swift; sourceTree = "<group>"; };
		020000000000000000000004 /* BobrshotKit.xcframework */ = {isa = PBXFileReference; lastKnownFileType = wrapper.xcframework; path = BobrshotKit.xcframework; sourceTree = "<group>"; };
		020000000000000000000005 /* Bobrshot.app */ = {isa = PBXFileReference; explicitFileType = wrapper.application; includeInIndex = 0; path = Bobrshot.app; sourceTree = BUILT_PRODUCTS_DIR; };
		020000000000000000000006 /* NativeImageProbe.swift */ = {isa = PBXFileReference; lastKnownFileType = sourcecode.swift; path = NativeImageProbe.swift; sourceTree = "<group>"; };
		020000000000000000000007 /* NativeImageProbeTests.swift */ = {isa = PBXFileReference; lastKnownFileType = sourcecode.swift; path = NativeImageProbeTests.swift; sourceTree = "<group>"; };
		020000000000000000000008 /* BobrshotTests.xctest */ = {isa = PBXFileReference; explicitFileType = wrapper.cfbundle; includeInIndex = 0; path = BobrshotTests.xctest; sourceTree = BUILT_PRODUCTS_DIR; };
		020000000000000000000009 /* CaptureModels.swift */ = {isa = PBXFileReference; lastKnownFileType = sourcecode.swift; path = CaptureModels.swift; sourceTree = "<group>"; };
		02000000000000000000000A /* CaptureConfigurationPlanner.swift */ = {isa = PBXFileReference; lastKnownFileType = sourcecode.swift; path = CaptureConfigurationPlanner.swift; sourceTree = "<group>"; };
		02000000000000000000000B /* ScreenCapturePermissionService.swift */ = {isa = PBXFileReference; lastKnownFileType = sourcecode.swift; path = ScreenCapturePermissionService.swift; sourceTree = "<group>"; };
		02000000000000000000000C /* ScreenCaptureService.swift */ = {isa = PBXFileReference; lastKnownFileType = sourcecode.swift; path = ScreenCaptureService.swift; sourceTree = "<group>"; };
		02000000000000000000000D /* CaptureConfigurationPlannerTests.swift */ = {isa = PBXFileReference; lastKnownFileType = sourcecode.swift; path = CaptureConfigurationPlannerTests.swift; sourceTree = "<group>"; };
		02000000000000000000000E /* RecordingModels.swift */ = {isa = PBXFileReference; lastKnownFileType = sourcecode.swift; path = RecordingModels.swift; sourceTree = "<group>"; };
		02000000000000000000000F /* RecordingConfigurationPlanner.swift */ = {isa = PBXFileReference; lastKnownFileType = sourcecode.swift; path = RecordingConfigurationPlanner.swift; sourceTree = "<group>"; };
		020000000000000000000010 /* ScreenRecordingService.swift */ = {isa = PBXFileReference; lastKnownFileType = sourcecode.swift; path = ScreenRecordingService.swift; sourceTree = "<group>"; };
		020000000000000000000011 /* ScreenshotExportService.swift */ = {isa = PBXFileReference; lastKnownFileType = sourcecode.swift; path = ScreenshotExportService.swift; sourceTree = "<group>"; };
		020000000000000000000012 /* ScreenshotClipboard.swift */ = {isa = PBXFileReference; lastKnownFileType = sourcecode.swift; path = ScreenshotClipboard.swift; sourceTree = "<group>"; };
		020000000000000000000013 /* CaptureHistoryStore.swift */ = {isa = PBXFileReference; lastKnownFileType = sourcecode.swift; path = CaptureHistoryStore.swift; sourceTree = "<group>"; };
		020000000000000000000014 /* RecordingConfigurationPlannerTests.swift */ = {isa = PBXFileReference; lastKnownFileType = sourcecode.swift; path = RecordingConfigurationPlannerTests.swift; sourceTree = "<group>"; };
		020000000000000000000015 /* ScreenshotExportServiceTests.swift */ = {isa = PBXFileReference; lastKnownFileType = sourcecode.swift; path = ScreenshotExportServiceTests.swift; sourceTree = "<group>"; };
		020000000000000000000016 /* CaptureHistoryStoreTests.swift */ = {isa = PBXFileReference; lastKnownFileType = sourcecode.swift; path = CaptureHistoryStoreTests.swift; sourceTree = "<group>"; };
		020000000000000000000017 /* AnnotationModels.swift */ = {isa = PBXFileReference; lastKnownFileType = sourcecode.swift; path = AnnotationModels.swift; sourceTree = "<group>"; };
		020000000000000000000018 /* AnnotationRenderer.swift */ = {isa = PBXFileReference; lastKnownFileType = sourcecode.swift; path = AnnotationRenderer.swift; sourceTree = "<group>"; };
		020000000000000000000019 /* SelectionGeometry.swift */ = {isa = PBXFileReference; lastKnownFileType = sourcecode.swift; path = SelectionGeometry.swift; sourceTree = "<group>"; };
		02000000000000000000001A /* CaptureSelectionStateMachine.swift */ = {isa = PBXFileReference; lastKnownFileType = sourcecode.swift; path = CaptureSelectionStateMachine.swift; sourceTree = "<group>"; };
		02000000000000000000001B /* AnnotationEditorStateTests.swift */ = {isa = PBXFileReference; lastKnownFileType = sourcecode.swift; path = AnnotationEditorStateTests.swift; sourceTree = "<group>"; };
		02000000000000000000001C /* CaptureSelectionStateMachineTests.swift */ = {isa = PBXFileReference; lastKnownFileType = sourcecode.swift; path = CaptureSelectionStateMachineTests.swift; sourceTree = "<group>"; };
		02000000000000000000001D /* ScreenshotDraft.swift */ = {isa = PBXFileReference; lastKnownFileType = sourcecode.swift; path = ScreenshotDraft.swift; sourceTree = "<group>"; };
		02000000000000000000001E /* ScreenshotWorkflowService.swift */ = {isa = PBXFileReference; lastKnownFileType = sourcecode.swift; path = ScreenshotWorkflowService.swift; sourceTree = "<group>"; };
		02000000000000000000001F /* ScreenshotDraftTests.swift */ = {isa = PBXFileReference; lastKnownFileType = sourcecode.swift; path = ScreenshotDraftTests.swift; sourceTree = "<group>"; };
/* End PBXFileReference section */

/* Begin PBXFrameworksBuildPhase section */
		030000000000000000000001 /* Frameworks */ = {
			isa = PBXFrameworksBuildPhase;
			buildActionMask = 2147483647;
			files = (
				010000000000000000000004 /* BobrshotKit.xcframework in Frameworks */,
			);
			runOnlyForDeploymentPostprocessing = 0;
		};
		030000000000000000000002 /* Frameworks */ = {
			isa = PBXFrameworksBuildPhase;
			buildActionMask = 2147483647;
			files = (
				010000000000000000000009 /* BobrshotKit.xcframework in Frameworks */,
			);
			runOnlyForDeploymentPostprocessing = 0;
		};
/* End PBXFrameworksBuildPhase section */

/* Begin PBXGroup section */
		040000000000000000000001 = {
			isa = PBXGroup;
			children = (
				040000000000000000000002 /* Sources */,
				040000000000000000000006 /* Tests */,
				020000000000000000000004 /* BobrshotKit.xcframework */,
				040000000000000000000005 /* Products */,
			);
			sourceTree = "<group>";
		};
		040000000000000000000002 /* Sources */ = {
			isa = PBXGroup;
			children = (
				040000000000000000000003 /* App */,
				040000000000000000000004 /* CoreBridge */,
				040000000000000000000007 /* Capture */,
				040000000000000000000008 /* Recording */,
				040000000000000000000009 /* Library */,
				04000000000000000000000A /* Editing */,
				04000000000000000000000B /* Selection */,
				04000000000000000000000C /* Workflow */,
			);
			path = Sources;
			sourceTree = "<group>";
		};
		040000000000000000000003 /* App */ = {
			isa = PBXGroup;
			children = (
				020000000000000000000001 /* BobrshotApp.swift */,
				020000000000000000000002 /* ContentView.swift */,
			);
			path = App;
			sourceTree = "<group>";
		};
		040000000000000000000004 /* CoreBridge */ = {
			isa = PBXGroup;
			children = (
				020000000000000000000003 /* BobrshotCore.swift */,
				020000000000000000000006 /* NativeImageProbe.swift */,
			);
			path = CoreBridge;
			sourceTree = "<group>";
		};
		040000000000000000000005 /* Products */ = {
			isa = PBXGroup;
			children = (
				020000000000000000000005 /* Bobrshot.app */,
				020000000000000000000008 /* BobrshotTests.xctest */,
			);
			name = Products;
			sourceTree = "<group>";
		};
		040000000000000000000006 /* Tests */ = {
			isa = PBXGroup;
			children = (
				020000000000000000000007 /* NativeImageProbeTests.swift */,
				02000000000000000000000D /* CaptureConfigurationPlannerTests.swift */,
				020000000000000000000014 /* RecordingConfigurationPlannerTests.swift */,
				020000000000000000000015 /* ScreenshotExportServiceTests.swift */,
				020000000000000000000016 /* CaptureHistoryStoreTests.swift */,
				02000000000000000000001B /* AnnotationEditorStateTests.swift */,
				02000000000000000000001C /* CaptureSelectionStateMachineTests.swift */,
				02000000000000000000001F /* ScreenshotDraftTests.swift */,
			);
			path = Tests;
			sourceTree = "<group>";
		};
		040000000000000000000007 /* Capture */ = {
			isa = PBXGroup;
			children = (
				020000000000000000000009 /* CaptureModels.swift */,
				02000000000000000000000A /* CaptureConfigurationPlanner.swift */,
				02000000000000000000000B /* ScreenCapturePermissionService.swift */,
				02000000000000000000000C /* ScreenCaptureService.swift */,
			);
			path = Capture;
			sourceTree = "<group>";
		};
		040000000000000000000008 /* Recording */ = {
			isa = PBXGroup;
			children = (
				02000000000000000000000E /* RecordingModels.swift */,
				02000000000000000000000F /* RecordingConfigurationPlanner.swift */,
				020000000000000000000010 /* ScreenRecordingService.swift */,
			);
			path = Recording;
			sourceTree = "<group>";
		};
		040000000000000000000009 /* Library */ = {
			isa = PBXGroup;
			children = (
				020000000000000000000011 /* ScreenshotExportService.swift */,
				020000000000000000000012 /* ScreenshotClipboard.swift */,
				020000000000000000000013 /* CaptureHistoryStore.swift */,
			);
			path = Library;
			sourceTree = "<group>";
		};
		04000000000000000000000A /* Editing */ = {
			isa = PBXGroup;
			children = (
				020000000000000000000017 /* AnnotationModels.swift */,
				020000000000000000000018 /* AnnotationRenderer.swift */,
			);
			path = Editing;
			sourceTree = "<group>";
		};
		04000000000000000000000B /* Selection */ = {
			isa = PBXGroup;
			children = (
				020000000000000000000019 /* SelectionGeometry.swift */,
				02000000000000000000001A /* CaptureSelectionStateMachine.swift */,
			);
			path = Selection;
			sourceTree = "<group>";
		};
		04000000000000000000000C /* Workflow */ = {
			isa = PBXGroup;
			children = (
				02000000000000000000001D /* ScreenshotDraft.swift */,
				02000000000000000000001E /* ScreenshotWorkflowService.swift */,
			);
			path = Workflow;
			sourceTree = "<group>";
		};
/* End PBXGroup section */

/* Begin PBXNativeTarget section */
		050000000000000000000001 /* Bobrshot */ = {
			isa = PBXNativeTarget;
			buildConfigurationList = 090000000000000000000002 /* Build configuration list for PBXNativeTarget "Bobrshot" */;
			buildPhases = (
				070000000000000000000001 /* Sources */,
				030000000000000000000001 /* Frameworks */,
				080000000000000000000001 /* Resources */,
			);
			buildRules = ();
			dependencies = ();
			name = Bobrshot;
			productName = Bobrshot;
			productReference = 020000000000000000000005 /* Bobrshot.app */;
			productType = "com.apple.product-type.application";
		};
		050000000000000000000002 /* BobrshotTests */ = {
			isa = PBXNativeTarget;
			buildConfigurationList = 090000000000000000000003 /* Build configuration list for PBXNativeTarget "BobrshotTests" */;
			buildPhases = (
				070000000000000000000002 /* Sources */,
				030000000000000000000002 /* Frameworks */,
				080000000000000000000002 /* Resources */,
			);
			buildRules = ();
			dependencies = ();
			name = BobrshotTests;
			productName = BobrshotTests;
			productReference = 020000000000000000000008 /* BobrshotTests.xctest */;
			productType = "com.apple.product-type.bundle.unit-test";
		};
/* End PBXNativeTarget section */

/* Begin PBXProject section */
		060000000000000000000001 /* Project object */ = {
			isa = PBXProject;
			attributes = {
				BuildIndependentTargetsInParallel = 1;
				LastSwiftUpdateCheck = 2700;
				LastUpgradeCheck = 2700;
				TargetAttributes = {
					050000000000000000000001 = {CreatedOnToolsVersion = 27.0; };
				};
			};
			buildConfigurationList = 090000000000000000000001 /* Build configuration list for PBXProject "Bobrshot" */;
			compatibilityVersion = "Xcode 16.0";
			developmentRegion = en;
			hasScannedForEncodings = 0;
			knownRegions = (en, Base);
			mainGroup = 040000000000000000000001;
			productRefGroup = 040000000000000000000005 /* Products */;
			projectDirPath = "";
			projectRoot = "";
			targets = (
				050000000000000000000001 /* Bobrshot */,
				050000000000000000000002 /* BobrshotTests */,
			);
		};
/* End PBXProject section */

/* Begin PBXResourcesBuildPhase section */
		080000000000000000000001 /* Resources */ = {
			isa = PBXResourcesBuildPhase;
			buildActionMask = 2147483647;
			files = ();
			runOnlyForDeploymentPostprocessing = 0;
		};
		080000000000000000000002 /* Resources */ = {
			isa = PBXResourcesBuildPhase;
			buildActionMask = 2147483647;
			files = ();
			runOnlyForDeploymentPostprocessing = 0;
		};
/* End PBXResourcesBuildPhase section */

/* Begin PBXSourcesBuildPhase section */
		070000000000000000000001 /* Sources */ = {
			isa = PBXSourcesBuildPhase;
			buildActionMask = 2147483647;
			files = (
				010000000000000000000001 /* BobrshotApp.swift in Sources */,
				010000000000000000000002 /* ContentView.swift in Sources */,
				010000000000000000000003 /* BobrshotCore.swift in Sources */,
				010000000000000000000005 /* NativeImageProbe.swift in Sources */,
				01000000000000000000000A /* CaptureModels.swift in Sources */,
				01000000000000000000000B /* CaptureConfigurationPlanner.swift in Sources */,
				01000000000000000000000C /* ScreenCapturePermissionService.swift in Sources */,
				01000000000000000000000D /* ScreenCaptureService.swift in Sources */,
				010000000000000000000011 /* RecordingModels.swift in Sources */,
				010000000000000000000012 /* RecordingConfigurationPlanner.swift in Sources */,
				010000000000000000000013 /* ScreenRecordingService.swift in Sources */,
				010000000000000000000014 /* ScreenshotExportService.swift in Sources */,
				010000000000000000000015 /* ScreenshotClipboard.swift in Sources */,
				010000000000000000000016 /* CaptureHistoryStore.swift in Sources */,
				01000000000000000000001E /* AnnotationModels.swift in Sources */,
				01000000000000000000001F /* AnnotationRenderer.swift in Sources */,
				010000000000000000000020 /* SelectionGeometry.swift in Sources */,
				010000000000000000000021 /* CaptureSelectionStateMachine.swift in Sources */,
				010000000000000000000028 /* ScreenshotDraft.swift in Sources */,
				010000000000000000000029 /* ScreenshotWorkflowService.swift in Sources */,
			);
			runOnlyForDeploymentPostprocessing = 0;
		};
		070000000000000000000002 /* Sources */ = {
			isa = PBXSourcesBuildPhase;
			buildActionMask = 2147483647;
			files = (
				010000000000000000000008 /* BobrshotCore.swift in Sources */,
				010000000000000000000007 /* NativeImageProbe.swift in Sources */,
				010000000000000000000006 /* NativeImageProbeTests.swift in Sources */,
				01000000000000000000000F /* CaptureModels.swift in Sources */,
				010000000000000000000010 /* CaptureConfigurationPlanner.swift in Sources */,
				01000000000000000000000E /* CaptureConfigurationPlannerTests.swift in Sources */,
				01000000000000000000001A /* RecordingModels.swift in Sources */,
				01000000000000000000001B /* RecordingConfigurationPlanner.swift in Sources */,
				01000000000000000000001C /* ScreenshotExportService.swift in Sources */,
				01000000000000000000001D /* CaptureHistoryStore.swift in Sources */,
				010000000000000000000017 /* RecordingConfigurationPlannerTests.swift in Sources */,
				010000000000000000000018 /* ScreenshotExportServiceTests.swift in Sources */,
				010000000000000000000019 /* CaptureHistoryStoreTests.swift in Sources */,
				010000000000000000000024 /* AnnotationModels.swift in Sources */,
				010000000000000000000025 /* AnnotationRenderer.swift in Sources */,
				010000000000000000000026 /* SelectionGeometry.swift in Sources */,
				010000000000000000000027 /* CaptureSelectionStateMachine.swift in Sources */,
				010000000000000000000022 /* AnnotationEditorStateTests.swift in Sources */,
				010000000000000000000023 /* CaptureSelectionStateMachineTests.swift in Sources */,
				01000000000000000000002B /* ScreenshotDraft.swift in Sources */,
				01000000000000000000002A /* ScreenshotDraftTests.swift in Sources */,
			);
			runOnlyForDeploymentPostprocessing = 0;
		};
/* End PBXSourcesBuildPhase section */

/* Begin XCBuildConfiguration section */
		0A0000000000000000000001 /* Debug */ = {
			isa = XCBuildConfiguration;
			buildSettings = {
				CLANG_ENABLE_MODULES = YES;
				MACOSX_DEPLOYMENT_TARGET = 14.0;
				ONLY_ACTIVE_ARCH = YES;
				SWIFT_STRICT_CONCURRENCY = complete;
				SWIFT_VERSION = 6.0;
			};
			name = Debug;
		};
		0A0000000000000000000002 /* Release */ = {
			isa = XCBuildConfiguration;
			buildSettings = {
				CLANG_ENABLE_MODULES = YES;
				MACOSX_DEPLOYMENT_TARGET = 14.0;
				SWIFT_COMPILATION_MODE = wholemodule;
				SWIFT_STRICT_CONCURRENCY = complete;
				SWIFT_VERSION = 6.0;
			};
			name = Release;
		};
		0A0000000000000000000003 /* Debug */ = {
			isa = XCBuildConfiguration;
			buildSettings = {
				CODE_SIGN_IDENTITY = "-";
				CODE_SIGN_STYLE = Manual;
				COMBINE_HIDPI_IMAGES = YES;
				CURRENT_PROJECT_VERSION = 1;
				ENABLE_HARDENED_RUNTIME = YES;
				GENERATE_INFOPLIST_FILE = YES;
				INFOPLIST_KEY_LSApplicationCategoryType = "public.app-category.utilities";
				MARKETING_VERSION = 0.1.0;
				PRODUCT_BUNDLE_IDENTIFIER = com.uzaaft.bobrshot;
				PRODUCT_NAME = "$(TARGET_NAME)";
			};
			name = Debug;
		};
		0A0000000000000000000004 /* Release */ = {
			isa = XCBuildConfiguration;
			buildSettings = {
				CODE_SIGN_IDENTITY = "-";
				CODE_SIGN_STYLE = Manual;
				COMBINE_HIDPI_IMAGES = YES;
				CURRENT_PROJECT_VERSION = 1;
				ENABLE_HARDENED_RUNTIME = YES;
				GENERATE_INFOPLIST_FILE = YES;
				INFOPLIST_KEY_LSApplicationCategoryType = "public.app-category.utilities";
				MARKETING_VERSION = 0.1.0;
				PRODUCT_BUNDLE_IDENTIFIER = com.uzaaft.bobrshot;
				PRODUCT_NAME = "$(TARGET_NAME)";
			};
			name = Release;
		};
		0A0000000000000000000005 /* Debug */ = {
			isa = XCBuildConfiguration;
			buildSettings = {
				CODE_SIGN_IDENTITY = "-";
				CODE_SIGN_STYLE = Manual;
				GENERATE_INFOPLIST_FILE = YES;
				PRODUCT_BUNDLE_IDENTIFIER = com.uzaaft.bobrshot.tests;
				PRODUCT_NAME = "$(TARGET_NAME)";
				SWIFT_VERSION = 6.0;
			};
			name = Debug;
		};
		0A0000000000000000000006 /* Release */ = {
			isa = XCBuildConfiguration;
			buildSettings = {
				CODE_SIGN_IDENTITY = "-";
				CODE_SIGN_STYLE = Manual;
				GENERATE_INFOPLIST_FILE = YES;
				PRODUCT_BUNDLE_IDENTIFIER = com.uzaaft.bobrshot.tests;
				PRODUCT_NAME = "$(TARGET_NAME)";
				SWIFT_VERSION = 6.0;
			};
			name = Release;
		};
/* End XCBuildConfiguration section */

/* Begin XCConfigurationList section */
		090000000000000000000001 /* Build configuration list for PBXProject "Bobrshot" */ = {
			isa = XCConfigurationList;
			buildConfigurations = (
				0A0000000000000000000001 /* Debug */,
				0A0000000000000000000002 /* Release */,
			);
			defaultConfigurationIsVisible = 0;
			defaultConfigurationName = Release;
		};
		090000000000000000000002 /* Build configuration list for PBXNativeTarget "Bobrshot" */ = {
			isa = XCConfigurationList;
			buildConfigurations = (
				0A0000000000000000000003 /* Debug */,
				0A0000000000000000000004 /* Release */,
			);
			defaultConfigurationIsVisible = 0;
			defaultConfigurationName = Release;
		};
		090000000000000000000003 /* Build configuration list for PBXNativeTarget "BobrshotTests" */ = {
			isa = XCConfigurationList;
			buildConfigurations = (
				0A0000000000000000000005 /* Debug */,
				0A0000000000000000000006 /* Release */,
			);
			defaultConfigurationIsVisible = 0;
			defaultConfigurationName = Release;
		};
/* End XCConfigurationList section */
	};
	rootObject = 060000000000000000000001 /* Project object */;
}
